{
  "name": "fixture-block",
  "version": "1.0.0",
  "lockfileVersion": 3,
  "requires": true,
  "packages": {
    "": {
      "name": "fixture-block",
      "version": "1.0.0",
      "dependencies": {
        "faker": "6.6.6"
      }
    },
    "node_modules/faker": {
      "version": "6.6.6",
      "resolved": "https://registry.npmjs.org/faker/-/faker-6.6.6.tgz"
    }
  }
}
